
Microsoft Visual Studio Solution File, Format Version 12.00
# Visual Studio Version 17
VisualStudioVersion = 17.0.31903.59
MinimumVisualStudioVersion = 10.0.40219.1
Project("{2150E333-8FDC-42A3-9474-1A3956D46DE8}") = "src", "src", "{0B4324C9-4EED-45D4-91DC-7507223167C9}"
EndProject
Project("{FAE04EC0-301F-11D3-BF4B-00C04F79EFBC}") = "Domain", "Domain\Domain.csproj", "{211F2207-14F0-42A0-ACA8-995A49D9DE49}"
EndProject
Project("{FAE04EC0-301F-11D3-BF4B-00C04F79EFBC}") = "Application", "Application\Application.csproj", "{CEC15393-2ABE-4135-A973-C13791D109EC}"
EndProject
Project("{FAE04EC0-301F-11D3-BF4B-00C04F79EFBC}") = "Infrastructure", "Infrastructure\Infrastructure.csproj", "{F28FFC94-B333-4D28-A3EE-6FAAAF4C71E9}"
EndProject
Project("{FAE04EC0-301F-11D3-BF4B-00C04F79EFBC}") = "API", "API\API.csproj", "{F4B3B174-2B07-4BFD-BB11-98B4456C9330}"
EndProject
Project("{FAE04EC0-301F-11D3-BF4B-00C04F79EFBC}") = "Persistence", "Persistence\Persistence.csproj", "{56006DB5-099B-4C3A-B0DC-7FE26B6D0F97}"
EndProject
Project("{FAE04EC0-301F-11D3-BF4B-00C04F79EFBC}") = "Dependencies", "Dependencies\Dependencies.csproj", "{4BA65127-FDA7-48D0-AF44-7E3A301EA84F}"
EndProject
Project("{FAE04EC0-301F-11D3-BF4B-00C04F79EFBC}") = "Common", "Common\Common.csproj", "{138D1729-0F7C-4397-9721-A2AE088561AF}"
EndProject
Project("{2150E333-8FDC-42A3-9474-1A3956D46DE8}") = "tests", "tests", "{CC986C95-5798-47DF-8616-EF5DA75ADB09}"
EndProject
Project("{FAE04EC0-301F-11D3-BF4B-00C04F79EFBC}") = "APITests", "APITests\APITests.csproj", "{C8151F74-8D51-4AC9-8326-83E63A070DC5}"
EndProject
Project("{FAE04EC0-301F-11D3-BF4B-00C04F79EFBC}") = "ApplicationTests", "ApplicationTests\ApplicationTests.csproj", "{E333263D-50EC-4869-ABA3-A7F80DC7835F}"
EndProject
Global
	GlobalSection(SolutionConfigurationPlatforms) = preSolution
		Debug|Any CPU = Debug|Any CPU
		Release|Any CPU = Release|Any CPU
	EndGlobalSection
	GlobalSection(SolutionProperties) = preSolution
		HideSolutionNode = FALSE
	EndGlobalSection
	GlobalSection(NestedProjects) = preSolution
		{211F2207-14F0-42A0-ACA8-995A49D9DE49} = {0B4324C9-4EED-45D4-91DC-7507223167C9}
		{CEC15393-2ABE-4135-A973-C13791D109EC} = {0B4324C9-4EED-45D4-91DC-7507223167C9}
		{F28FFC94-B333-4D28-A3EE-6FAAAF4C71E9} = {0B4324C9-4EED-45D4-91DC-7507223167C9}
		{F4B3B174-2B07-4BFD-BB11-98B4456C9330} = {0B4324C9-4EED-45D4-91DC-7507223167C9}
		{56006DB5-099B-4C3A-B0DC-7FE26B6D0F97} = {0B4324C9-4EED-45D4-91DC-7507223167C9}
		{4BA65127-FDA7-48D0-AF44-7E3A301EA84F} = {0B4324C9-4EED-45D4-91DC-7507223167C9}
		{138D1729-0F7C-4397-9721-A2AE088561AF} = {0B4324C9-4EED-45D4-91DC-7507223167C9}
		{C8151F74-8D51-4AC9-8326-83E63A070DC5} = {CC986C95-5798-47DF-8616-EF5DA75ADB09}
		{E333263D-50EC-4869-ABA3-A7F80DC7835F} = {CC986C95-5798-47DF-8616-EF5DA75ADB09}
	EndGlobalSection
	GlobalSection(ProjectConfigurationPlatforms) = postSolution
		{211F2207-14F0-42A0-ACA8-995A49D9DE49}.Debug|Any CPU.ActiveCfg = Debug|Any CPU
		{211F2207-14F0-42A0-ACA8-995A49D9DE49}.Debug|Any CPU.Build.0 = Debug|Any CPU
		{211F2207-14F0-42A0-ACA8-995A49D9DE49}.Release|Any CPU.ActiveCfg = Release|Any CPU
		{211F2207-14F0-42A0-ACA8-995A49D9DE49}.Release|Any CPU.Build.0 = Release|Any CPU
		{CEC15393-2ABE-4135-A973-C13791D109EC}.Debug|Any CPU.ActiveCfg = Debug|Any CPU
		{CEC15393-2ABE-4135-A973-C13791D109EC}.Debug|Any CPU.Build.0 = Debug|Any CPU
		{CEC15393-2ABE-4135-A973-C13791D109EC}.Release|Any CPU.ActiveCfg = Release|Any CPU
		{CEC15393-2ABE-4135-A973-C13791D109EC}.Release|Any CPU.Build.0 = Release|Any CPU
		{F28FFC94-B333-4D28-A3EE-6FAAAF4C71E9}.Debug|Any CPU.ActiveCfg = Debug|Any CPU
		{F28FFC94-B333-4D28-A3EE-6FAAAF4C71E9}.Debug|Any CPU.Build.0 = Debug|Any CPU
		{F28FFC94-B333-4D28-A3EE-6FAAAF4C71E9}.Release|Any CPU.ActiveCfg = Release|Any CPU
		{F28FFC94-B333-4D28-A3EE-6FAAAF4C71E9}.Release|Any CPU.Build.0 = Release|Any CPU
		{F4B3B174-2B07-4BFD-BB11-98B4456C9330}.Debug|Any CPU.ActiveCfg = Debug|Any CPU
		{F4B3B174-2B07-4BFD-BB11-98B4456C9330}.Debug|Any CPU.Build.0 = Debug|Any CPU
		{F4B3B174-2B07-4BFD-BB11-98B4456C9330}.Release|Any CPU.ActiveCfg = Release|Any CPU
		{F4B3B174-2B07-4BFD-BB11-98B4456C9330}.Release|Any CPU.Build.0 = Release|Any CPU
		{56006DB5-099B-4C3A-B0DC-7FE26B6D0F97}.Debug|Any CPU.ActiveCfg = Debug|Any CPU
		{56006DB5-099B-4C3A-B0DC-7FE26B6D0F97}.Debug|Any CPU.Build.0 = Debug|Any CPU
		{56006DB5-099B-4C3A-B0DC-7FE26B6D0F97}.Release|Any CPU.ActiveCfg = Release|Any CPU
		{56006DB5-099B-4C3A-B0DC-7FE26B6D0F97}.Release|Any CPU.Build.0 = Release|Any CPU
		{4BA65127-FDA7-48D0-AF44-7E3A301EA84F}.Debug|Any CPU.ActiveCfg = Debug|Any CPU
		{4BA65127-FDA7-48D0-AF44-7E3A301EA84F}.Debug|Any CPU.Build.0 = Debug|Any CPU
		{4BA65127-FDA7-48D0-AF44-7E3A301EA84F}.Release|Any CPU.ActiveCfg = Release|Any CPU
		{4BA65127-FDA7-48D0-AF44-7E3A301EA84F}.Release|Any CPU.Build.0 = Release|Any CPU
		{138D1729-0F7C-4397-9721-A2AE088561AF}.Debug|Any CPU.ActiveCfg = Debug|Any CPU
		{138D1729-0F7C-4397-9721-A2AE088561AF}.Debug|Any CPU.Build.0 = Debug|Any CPU
		{138D1729-0F7C-4397-9721-A2AE088561AF}.Release|Any CPU.ActiveCfg = Release|Any CPU
		{138D1729-0F7C-4397-9721-A2AE088561AF}.Release|Any CPU.Build.0 = Release|Any CPU
		{C8151F74-8D51-4AC9-8326-83E63A070DC5}.Debug|Any CPU.ActiveCfg = Debug|Any CPU
		{C8151F74-8D51-4AC9-8326-83E63A070DC5}.Debug|Any CPU.Build.0 = Debug|Any CPU
		{C8151F74-8D51-4AC9-8326-83E63A070DC5}.Release|Any CPU.ActiveCfg = Release|Any CPU
		{C8151F74-8D51-4AC9-8326-83E63A070DC5}.Release|Any CPU.Build.0 = Release|Any CPU
		{E333263D-50EC-4869-ABA3-A7F80DC7835F}.Debug|Any CPU.ActiveCfg = Debug|Any CPU
		{E333263D-50EC-4869-ABA3-A7F80DC7835F}.Debug|Any CPU.Build.0 = Debug|Any CPU
		{E333263D-50EC-4869-ABA3-A7F80DC7835F}.Release|Any CPU.ActiveCfg = Release|Any CPU
		{E333263D-50EC-4869-ABA3-A7F80DC7835F}.Release|Any CPU.Build.0 = Release|Any CPU
	EndGlobalSection
EndGlobal
